// !$*UTF8*$!
{
	archiveVersion = 1;
	classes = {
	};
	objectVersion = 51;
	objects = {

/* Begin PBXBuildFile section */
		1B0BFAFC233628850054E28A /* AppDelegate.swift in Sources */ = {isa = PBXBuildFile; fileRef = 1B0BFAFB233628850054E28A /* AppDelegate.swift */; };
		1B0BFB05233628870054E28A /* Assets.xcassets in Resources */ = {isa = PBXBuildFile; fileRef = 1B0BFB04233628870054E28A /* Assets.xcassets */; };
		1B0BFB08233628870054E28A /* LaunchScreen.storyboard in Resources */ = {isa = PBXBuildFile; fileRef = 1B0BFB06233628870054E28A /* LaunchScreen.storyboard */; };
		1B0BFB30233629890054E28A /* Initializable.swift in Sources */ = {isa = PBXBuildFile; fileRef = 1B0BFB2F233629890054E28A /* Initializable.swift */; };
		1B0BFB3923362A000054E28A /* ViewInterface.swift in Sources */ = {isa = PBXBuildFile; fileRef = 1B0BFB33233629FF0054E28A /* ViewInterface.swift */; };
		1B0BFB3A23362A000054E28A /* UIStoryboardExtension.swift in Sources */ = {isa = PBXBuildFile; fileRef = 1B0BFB34233629FF0054E28A /* UIStoryboardExtension.swift */; };
		1B0BFB3B23362A000054E28A /* BaseWireframe.swift in Sources */ = {isa = PBXBuildFile; fileRef = 1B0BFB35233629FF0054E28A /* BaseWireframe.swift */; };
		1B0BFB3C23362A000054E28A /* InteractorInterface.swift in Sources */ = {isa = PBXBuildFile; fileRef = 1B0BFB36233629FF0054E28A /* InteractorInterface.swift */; };
		1B0BFB3D23362A000054E28A /* FormatterInterface.swift in Sources */ = {isa = PBXBuildFile; fileRef = 1B0BFB37233629FF0054E28A /* FormatterInterface.swift */; };
		1B0BFB3E23362A000054E28A /* PresenterInterface.swift in Sources */ = {isa = PBXBuildFile; fileRef = 1B0BFB3823362A000054E28A /* PresenterInterface.swift */; };
		1B0BFB4123362B240054E28A /* BaseNavigationController.swift in Sources */ = {isa = PBXBuildFile; fileRef = 1B0BFB4023362B240054E28A /* BaseNavigationController.swift */; };
		1B0BFB4523362B740054E28A /* BaseResponse.swift in Sources */ = {isa = PBXBuildFile; fileRef = 1B0BFB4223362B740054E28A /* BaseResponse.swift */; };
		1B0BFB4623362B740054E28A /* BaseViewController.swift in Sources */ = {isa = PBXBuildFile; fileRef = 1B0BFB4323362B740054E28A /* BaseViewController.swift */; };
		1B0BFB4723362B740054E28A /* BaseTabbarProtocolController.swift in Sources */ = {isa = PBXBuildFile; fileRef = 1B0BFB4423362B740054E28A /* BaseTabbarProtocolController.swift */; };
		1B0BFB4A23362ECE0054E28A /* TabbarProtocol.swift in Sources */ = {isa = PBXBuildFile; fileRef = 1B0BFB4923362ECE0054E28A /* TabbarProtocol.swift */; };
		1B0BFB4D23362F950054E28A /* LoggerInitializer.swift in Sources */ = {isa = PBXBuildFile; fileRef = 1B0BFB4C23362F950054E28A /* LoggerInitializer.swift */; };
		1B0BFB562336303F0054E28A /* TabbarPresenter.swift in Sources */ = {isa = PBXBuildFile; fileRef = 1B0BFB502336303F0054E28A /* TabbarPresenter.swift */; };
		1B0BFB572336303F0054E28A /* TabbarViewController.swift in Sources */ = {isa = PBXBuildFile; fileRef = 1B0BFB512336303F0054E28A /* TabbarViewController.swift */; };
		1B0BFB582336303F0054E28A /* TabbarInterfaces.swift in Sources */ = {isa = PBXBuildFile; fileRef = 1B0BFB522336303F0054E28A /* TabbarInterfaces.swift */; };
		1B0BFB592336303F0054E28A /* TabbarWireframe.swift in Sources */ = {isa = PBXBuildFile; fileRef = 1B0BFB532336303F0054E28A /* TabbarWireframe.swift */; };
		1B0BFB5A2336303F0054E28A /* Tabbar.storyboard in Resources */ = {isa = PBXBuildFile; fileRef = 1B0BFB542336303F0054E28A /* Tabbar.storyboard */; };
		1B0BFB5B2336303F0054E28A /* TabbarInteractor.swift in Sources */ = {isa = PBXBuildFile; fileRef = 1B0BFB552336303F0054E28A /* TabbarInteractor.swift */; };
		1B0BFB63233632C60054E28A /* RestClient.swift in Sources */ = {isa = PBXBuildFile; fileRef = 1B0BFB62233632C60054E28A /* RestClient.swift */; };
		1BB2479223E6ED0500EBFD39 /* APIError.swift in Sources */ = {isa = PBXBuildFile; fileRef = 1BB2479123E6ED0500EBFD39 /* APIError.swift */; };
		1BB2479523E6EE8000EBFD39 /* DataExtensions.swift in Sources */ = {isa = PBXBuildFile; fileRef = 1BB2479423E6EE8000EBFD39 /* DataExtensions.swift */; };
		1BDD46A223AFFEAE0020AC54 /* Constants.swift in Sources */ = {isa = PBXBuildFile; fileRef = 1BDD46A123AFFEAE0020AC54 /* Constants.swift */; };
		5E0B425A253779F0003B792A /* UIVIewController+KeyboardHide.swift in Sources */ = {isa = PBXBuildFile; fileRef = 5E0B4259253779F0003B792A /* UIVIewController+KeyboardHide.swift */; };
		5E0B426425377A70003B792A /* HomeInterfaces.swift in Sources */ = {isa = PBXBuildFile; fileRef = 5E0B425F25377A70003B792A /* HomeInterfaces.swift */; };
		5E0B426525377A70003B792A /* HomePresenter.swift in Sources */ = {isa = PBXBuildFile; fileRef = 5E0B426025377A70003B792A /* HomePresenter.swift */; };
		5E0B426625377A70003B792A /* HomeViewController.swift in Sources */ = {isa = PBXBuildFile; fileRef = 5E0B426125377A70003B792A /* HomeViewController.swift */; };
		5E0B426725377A70003B792A /* HomeInteractor.swift in Sources */ = {isa = PBXBuildFile; fileRef = 5E0B426225377A70003B792A /* HomeInteractor.swift */; };
		5E0B426825377A70003B792A /* HomeWireframe.swift in Sources */ = {isa = PBXBuildFile; fileRef = 5E0B426325377A70003B792A /* HomeWireframe.swift */; };
		5E0B428025378900003B792A /* UIColor+Hex.swift in Sources */ = {isa = PBXBuildFile; fileRef = 5E0B427F25378900003B792A /* UIColor+Hex.swift */; };
		5E0B428425378924003B792A /* Colors.swift in Sources */ = {isa = PBXBuildFile; fileRef = 5E0B428325378924003B792A /* Colors.swift */; };
		5E214100253B164C000FD39C /* SearchInterfaces.swift in Sources */ = {isa = PBXBuildFile; fileRef = 5E2140FB253B164C000FD39C /* SearchInterfaces.swift */; };
		5E214101253B164C000FD39C /* SearchPresenter.swift in Sources */ = {isa = PBXBuildFile; fileRef = 5E2140FC253B164C000FD39C /* SearchPresenter.swift */; };
		5E214102253B164C000FD39C /* SearchViewController.swift in Sources */ = {isa = PBXBuildFile; fileRef = 5E2140FD253B164C000FD39C /* SearchViewController.swift */; };
		5E214103253B164C000FD39C /* SearchInteractor.swift in Sources */ = {isa = PBXBuildFile; fileRef = 5E2140FE253B164C000FD39C /* SearchInteractor.swift */; };
		5E214104253B164C000FD39C /* SearchWireframe.swift in Sources */ = {isa = PBXBuildFile; fileRef = 5E2140FF253B164C000FD39C /* SearchWireframe.swift */; };
		5E214108253B172C000FD39C /* SearchCell.swift in Sources */ = {isa = PBXBuildFile; fileRef = 5E214107253B172C000FD39C /* SearchCell.swift */; };
		5E21410D253B205E000FD39C /* UIView+Rounded.swift in Sources */ = {isa = PBXBuildFile; fileRef = 5E21410C253B205E000FD39C /* UIView+Rounded.swift */; };
		5E214110253B2187000FD39C /* UIView+Shadow.swift in Sources */ = {isa = PBXBuildFile; fileRef = 5E21410F253B2187000FD39C /* UIView+Shadow.swift */; };
		5E214114253B2233000FD39C /* FontDelivery.swift in Sources */ = {isa = PBXBuildFile; fileRef = 5E214113253B2233000FD39C /* FontDelivery.swift */; };
		5E21411C253B225C000FD39C /* Roboto-Medium.ttf in Resources */ = {isa = PBXBuildFile; fileRef = 5E214117253B225C000FD39C /* Roboto-Medium.ttf */; };
		5E21411D253B225C000FD39C /* Roboto-Regular.ttf in Resources */ = {isa = PBXBuildFile; fileRef = 5E214118253B225C000FD39C /* Roboto-Regular.ttf */; };
		5E21411E253B225C000FD39C /* Roboto-Italic.ttf in Resources */ = {isa = PBXBuildFile; fileRef = 5E214119253B225C000FD39C /* Roboto-Italic.ttf */; };
		5E21411F253B225C000FD39C /* Roboto-Bold.ttf in Resources */ = {isa = PBXBuildFile; fileRef = 5E21411A253B225C000FD39C /* Roboto-Bold.ttf */; };
		5E214120253B225C000FD39C /* Roboto-Black.ttf in Resources */ = {isa = PBXBuildFile; fileRef = 5E21411B253B225C000FD39C /* Roboto-Black.ttf */; };
		5E214123253B2402000FD39C /* CategoryModel.swift in Sources */ = {isa = PBXBuildFile; fileRef = 5E214122253B2402000FD39C /* CategoryModel.swift */; };
		5E763A8F254EC2EC00E03BF9 /* UIImageView+Download.swift in Sources */ = {isa = PBXBuildFile; fileRef = 5E763A8E254EC2EC00E03BF9 /* UIImageView+Download.swift */; };
		5E763ACA254EEB6B00E03BF9 /* ProductInterfaces.swift in Sources */ = {isa = PBXBuildFile; fileRef = 5E763AC5254EEB6B00E03BF9 /* ProductInterfaces.swift */; };
		5E763ACB254EEB6B00E03BF9 /* ProductPresenter.swift in Sources */ = {isa = PBXBuildFile; fileRef = 5E763AC6254EEB6B00E03BF9 /* ProductPresenter.swift */; };
		5E763ACC254EEB6B00E03BF9 /* ProductViewController.swift in Sources */ = {isa = PBXBuildFile; fileRef = 5E763AC7254EEB6B00E03BF9 /* ProductViewController.swift */; };
		5E763ACD254EEB6B00E03BF9 /* ProductInteractor.swift in Sources */ = {isa = PBXBuildFile; fileRef = 5E763AC8254EEB6B00E03BF9 /* ProductInteractor.swift */; };
		5E763ACE254EEB6B00E03BF9 /* ProductWireframe.swift in Sources */ = {isa = PBXBuildFile; fileRef = 5E763AC9254EEB6B00E03BF9 /* ProductWireframe.swift */; };
		5E763AD4254F17E700E03BF9 /* Double+ToCurrency.swift in Sources */ = {isa = PBXBuildFile; fileRef = 5E763AD3254F17E700E03BF9 /* Double+ToCurrency.swift */; };
		5EA412C1253C55B5002B5145 /* SelectedCategoryInterfaces.swift in Sources */ = {isa = PBXBuildFile; fileRef = 5EA412BC253C55B5002B5145 /* SelectedCategoryInterfaces.swift */; };
		5EA412C2253C55B5002B5145 /* SelectedCategoryPresenter.swift in Sources */ = {isa = PBXBuildFile; fileRef = 5EA412BD253C55B5002B5145 /* SelectedCategoryPresenter.swift */; };
		5EA412C3253C55B5002B5145 /* SelectedCategoryViewController.swift in Sources */ = {isa = PBXBuildFile; fileRef = 5EA412BE253C55B5002B5145 /* SelectedCategoryViewController.swift */; };
		5EA412C4253C55B5002B5145 /* SelectedCategoryInteractor.swift in Sources */ = {isa = PBXBuildFile; fileRef = 5EA412BF253C55B5002B5145 /* SelectedCategoryInteractor.swift */; };
		5EA412C5253C55B5002B5145 /* SelectedCategoryWireframe.swift in Sources */ = {isa = PBXBuildFile; fileRef = 5EA412C0253C55B5002B5145 /* SelectedCategoryWireframe.swift */; };
		5EA412C8253C581B002B5145 /* ProductCell.swift in Sources */ = {isa = PBXBuildFile; fileRef = 5EA412C7253C581B002B5145 /* ProductCell.swift */; };
		5EA412E3253C5D82002B5145 /* ProductModel.swift in Sources */ = {isa = PBXBuildFile; fileRef = 5EA412E2253C5D82002B5145 /* ProductModel.swift */; };
		5EC482CA254D6B85008A0D16 /* RestClient+DressService.swift in Sources */ = {isa = PBXBuildFile; fileRef = 5EC482C9254D6B85008A0D16 /* RestClient+DressService.swift */; };
		5EC482CF254D71ED008A0D16 /* CategoryResponse.swift in Sources */ = {isa = PBXBuildFile; fileRef = 5EC482CE254D71ED008A0D16 /* CategoryResponse.swift */; };
		5EC482D2254DA86D008A0D16 /* DressResponse.swift in Sources */ = {isa = PBXBuildFile; fileRef = 5EC482D1254DA86D008A0D16 /* DressResponse.swift */; };
		A1E1069F856CF815DB641E3F /* Pods_Webshop.framework in Frameworks */ = {isa = PBXBuildFile; fileRef = CF491BE014B7C66B2DC87A73 /* Pods_Webshop.framework */; };
/* End PBXBuildFile section */

/* Begin PBXFileReference section */
		1B0BFAF8233628850054E28A /* Webshop.app */ = {isa = PBXFileReference; explicitFileType = wrapper.application; includeInIndex = 0; path = Webshop.app; sourceTree = BUILT_PRODUCTS_DIR; };
		1B0BFAFB233628850054E28A /* AppDelegate.swift */ = {isa = PBXFileReference; lastKnownFileType = sourcecode.swift; path = AppDelegate.swift; sourceTree = "<group>"; };
		1B0BFB04233628870054E28A /* Assets.xcassets */ = {isa = PBXFileReference; lastKnownFileType = folder.assetcatalog; path = Assets.xcassets; sourceTree = "<group>"; };
		1B0BFB07233628870054E28A /* Base */ = {isa = PBXFileReference; lastKnownFileType = file.storyboard; name = Base; path = Base.lproj/LaunchScreen.storyboard; sourceTree = "<group>"; };
		1B0BFB09233628870054E28A /* Info.plist */ = {isa = PBXFileReference; lastKnownFileType = text.plist.xml; path = Info.plist; sourceTree = "<group>"; };
		1B0BFB2F233629890054E28A /* Initializable.swift */ = {isa = PBXFileReference; lastKnownFileType = sourcecode.swift; path = Initializable.swift; sourceTree = "<group>"; };
		1B0BFB33233629FF0054E28A /* ViewInterface.swift */ = {isa = PBXFileReference; fileEncoding = 4; lastKnownFileType = sourcecode.swift; path = ViewInterface.swift; sourceTree = "<group>"; };
		1B0BFB34233629FF0054E28A /* UIStoryboardExtension.swift */ = {isa = PBXFileReference; fileEncoding = 4; lastKnownFileType = sourcecode.swift; path = UIStoryboardExtension.swift; sourceTree = "<group>"; };
		1B0BFB35233629FF0054E28A /* BaseWireframe.swift */ = {isa = PBXFileReference; fileEncoding = 4; lastKnownFileType = sourcecode.swift; path = BaseWireframe.swift; sourceTree = "<group>"; };
		1B0BFB36233629FF0054E28A /* InteractorInterface.swift */ = {isa = PBXFileReference; fileEncoding = 4; lastKnownFileType = sourcecode.swift; path = InteractorInterface.swift; sourceTree = "<group>"; };
		1B0BFB37233629FF0054E28A /* FormatterInterface.swift */ = {isa = PBXFileReference; fileEncoding = 4; lastKnownFileType = sourcecode.swift; path = FormatterInterface.swift; sourceTree = "<group>"; };
		1B0BFB3823362A000054E28A /* PresenterInterface.swift */ = {isa = PBXFileReference; fileEncoding = 4; lastKnownFileType = sourcecode.swift; path = PresenterInterface.swift; sourceTree = "<group>"; };
		1B0BFB4023362B240054E28A /* BaseNavigationController.swift */ = {isa = PBXFileReference; lastKnownFileType = sourcecode.swift; path = BaseNavigationController.swift; sourceTree = "<group>"; };
		1B0BFB4223362B740054E28A /* BaseResponse.swift */ = {isa = PBXFileReference; fileEncoding = 4; lastKnownFileType = sourcecode.swift; path = BaseResponse.swift; sourceTree = "<group>"; };
		1B0BFB4323362B740054E28A /* BaseViewController.swift */ = {isa = PBXFileReference; fileEncoding = 4; lastKnownFileType = sourcecode.swift; path = BaseViewController.swift; sourceTree = "<group>"; };
		1B0BFB4423362B740054E28A /* BaseTabbarProtocolController.swift */ = {isa = PBXFileReference; fileEncoding = 4; lastKnownFileType = sourcecode.swift; path = BaseTabbarProtocolController.swift; sourceTree = "<group>"; };
		1B0BFB4923362ECE0054E28A /* TabbarProtocol.swift */ = {isa = PBXFileReference; lastKnownFileType = sourcecode.swift; path = TabbarProtocol.swift; sourceTree = "<group>"; };
		1B0BFB4C23362F950054E28A /* LoggerInitializer.swift */ = {isa = PBXFileReference; lastKnownFileType = sourcecode.swift; path = LoggerInitializer.swift; sourceTree = "<group>"; };
		1B0BFB502336303F0054E28A /* TabbarPresenter.swift */ = {isa = PBXFileReference; fileEncoding = 4; lastKnownFileType = sourcecode.swift; path = TabbarPresenter.swift; sourceTree = "<group>"; };
		1B0BFB512336303F0054E28A /* TabbarViewController.swift */ = {isa = PBXFileReference; fileEncoding = 4; lastKnownFileType = sourcecode.swift; path = TabbarViewController.swift; sourceTree = "<group>"; };
		1B0BFB522336303F0054E28A /* TabbarInterfaces.swift */ = {isa = PBXFileReference; fileEncoding = 4; lastKnownFileType = sourcecode.swift; path = TabbarInterfaces.swift; sourceTree = "<group>"; };
		1B0BFB532336303F0054E28A /* TabbarWireframe.swift */ = {isa = PBXFileReference; fileEncoding = 4; lastKnownFileType = sourcecode.swift; path = TabbarWireframe.swift; sourceTree = "<group>"; };
		1B0BFB542336303F0054E28A /* Tabbar.storyboard */ = {isa = PBXFileReference; fileEncoding = 4; lastKnownFileType = file.storyboard; path = Tabbar.storyboard; sourceTree = "<group>"; };
		1B0BFB552336303F0054E28A /* TabbarInteractor.swift */ = {isa = PBXFileReference; fileEncoding = 4; lastKnownFileType = sourcecode.swift; path = TabbarInteractor.swift; sourceTree = "<group>"; };
		1B0BFB62233632C60054E28A /* RestClient.swift */ = {isa = PBXFileReference; lastKnownFileType = sourcecode.swift; path = RestClient.swift; sourceTree = "<group>"; };
		1BB2479123E6ED0500EBFD39 /* APIError.swift */ = {isa = PBXFileReference; lastKnownFileType = sourcecode.swift; path = APIError.swift; sourceTree = "<group>"; };
		1BB2479423E6EE8000EBFD39 /* DataExtensions.swift */ = {isa = PBXFileReference; lastKnownFileType = sourcecode.swift; path = DataExtensions.swift; sourceTree = "<group>"; };
		1BDD46A123AFFEAE0020AC54 /* Constants.swift */ = {isa = PBXFileReference; lastKnownFileType = sourcecode.swift; path = Constants.swift; sourceTree = "<group>"; };
		20BC19AFC57ED15C2391D931 /* Pods_TemplateTests.framework */ = {isa = PBXFileReference; explicitFileType = wrapper.framework; includeInIndex = 0; path = Pods_TemplateTests.framework; sourceTree = BUILT_PRODUCTS_DIR; };
		289B179FEFFC70B4A0A408EA /* Pods-TemplateUITests.release.xcconfig */ = {isa = PBXFileReference; includeInIndex = 1; lastKnownFileType = text.xcconfig; name = "Pods-TemplateUITests.release.xcconfig"; path = "Target Support Files/Pods-TemplateUITests/Pods-TemplateUITests.release.xcconfig"; sourceTree = "<group>"; };
		4EF7DC8171F9897A5B5FA456 /* Pods-TemplateTests.release.xcconfig */ = {isa = PBXFileReference; includeInIndex = 1; lastKnownFileType = text.xcconfig; name = "Pods-TemplateTests.release.xcconfig"; path = "Target Support Files/Pods-TemplateTests/Pods-TemplateTests.release.xcconfig"; sourceTree = "<group>"; };
		5E0B4259253779F0003B792A /* UIVIewController+KeyboardHide.swift */ = {isa = PBXFileReference; lastKnownFileType = sourcecode.swift; path = "UIVIewController+KeyboardHide.swift"; sourceTree = "<group>"; };
		5E0B425F25377A70003B792A /* HomeInterfaces.swift */ = {isa = PBXFileReference; lastKnownFileType = sourcecode.swift; path = HomeInterfaces.swift; sourceTree = "<group>"; };
		5E0B426025377A70003B792A /* HomePresenter.swift */ = {isa = PBXFileReference; lastKnownFileType = sourcecode.swift; path = HomePresenter.swift; sourceTree = "<group>"; };
		5E0B426125377A70003B792A /* HomeViewController.swift */ = {isa = PBXFileReference; lastKnownFileType = sourcecode.swift; path = HomeViewController.swift; sourceTree = "<group>"; };
		5E0B426225377A70003B792A /* HomeInteractor.swift */ = {isa = PBXFileReference; lastKnownFileType = sourcecode.swift; path = HomeInteractor.swift; sourceTree = "<group>"; };
		5E0B426325377A70003B792A /* HomeWireframe.swift */ = {isa = PBXFileReference; lastKnownFileType = sourcecode.swift; path = HomeWireframe.swift; sourceTree = "<group>"; };
		5E0B427F25378900003B792A /* UIColor+Hex.swift */ = {isa = PBXFileReference; lastKnownFileType = sourcecode.swift; name = "UIColor+Hex.swift"; path = "Webshop/Modules/Home/UIColor+Hex.swift"; sourceTree = SOURCE_ROOT; };
		5E0B428325378924003B792A /* Colors.swift */ = {isa = PBXFileReference; lastKnownFileType = sourcecode.swift; path = Colors.swift; sourceTree = "<group>"; };
		5E2140FB253B164C000FD39C /* SearchInterfaces.swift */ = {isa = PBXFileReference; lastKnownFileType = sourcecode.swift; path = SearchInterfaces.swift; sourceTree = "<group>"; };
		5E2140FC253B164C000FD39C /* SearchPresenter.swift */ = {isa = PBXFileReference; lastKnownFileType = sourcecode.swift; path = SearchPresenter.swift; sourceTree = "<group>"; };
		5E2140FD253B164C000FD39C /* SearchViewController.swift */ = {isa = PBXFileReference; lastKnownFileType = sourcecode.swift; path = SearchViewController.swift; sourceTree = "<group>"; };
		5E2140FE253B164C000FD39C /* SearchInteractor.swift */ = {isa = PBXFileReference; lastKnownFileType = sourcecode.swift; path = SearchInteractor.swift; sourceTree = "<group>"; };
		5E2140FF253B164C000FD39C /* SearchWireframe.swift */ = {isa = PBXFileReference; lastKnownFileType = sourcecode.swift; path = SearchWireframe.swift; sourceTree = "<group>"; };
		5E214107253B172C000FD39C /* SearchCell.swift */ = {isa = PBXFileReference; lastKnownFileType = sourcecode.swift; path = SearchCell.swift; sourceTree = "<group>"; };
		5E21410C253B205E000FD39C /* UIView+Rounded.swift */ = {isa = PBXFileReference; lastKnownFileType = sourcecode.swift; path = "UIView+Rounded.swift"; sourceTree = "<group>"; };
		5E21410F253B2187000FD39C /* UIView+Shadow.swift */ = {isa = PBXFileReference; lastKnownFileType = sourcecode.swift; path = "UIView+Shadow.swift"; sourceTree = "<group>"; };
		5E214113253B2233000FD39C /* FontDelivery.swift */ = {isa = PBXFileReference; lastKnownFileType = sourcecode.swift; path = FontDelivery.swift; sourceTree = "<group>"; };
		5E214117253B225C000FD39C /* Roboto-Medium.ttf */ = {isa = PBXFileReference; lastKnownFileType = file; path = "Roboto-Medium.ttf"; sourceTree = "<group>"; };
		5E214118253B225C000FD39C /* Roboto-Regular.ttf */ = {isa = PBXFileReference; lastKnownFileType = file; path = "Roboto-Regular.ttf"; sourceTree = "<group>"; };
		5E214119253B225C000FD39C /* Roboto-Italic.ttf */ = {isa = PBXFileReference; lastKnownFileType = file; path = "Roboto-Italic.ttf"; sourceTree = "<group>"; };
		5E21411A253B225C000FD39C /* Roboto-Bold.ttf */ = {isa = PBXFileReference; lastKnownFileType = file; path = "Roboto-Bold.ttf"; sourceTree = "<group>"; };
		5E21411B253B225C000FD39C /* Roboto-Black.ttf */ = {isa = PBXFileReference; lastKnownFileType = file; path = "Roboto-Black.ttf"; sourceTree = "<group>"; };
		5E214122253B2402000FD39C /* CategoryModel.swift */ = {isa = PBXFileReference; lastKnownFileType = sourcecode.swift; path = CategoryModel.swift; sourceTree = "<group>"; };
		5E763A8E254EC2EC00E03BF9 /* UIImageView+Download.swift */ = {isa = PBXFileReference; lastKnownFileType = sourcecode.swift; path = "UIImageView+Download.swift"; sourceTree = "<group>"; };
		5E763AC5254EEB6B00E03BF9 /* ProductInterfaces.swift */ = {isa = PBXFileReference; lastKnownFileType = sourcecode.swift; path = ProductInterfaces.swift; sourceTree = "<group>"; };
		5E763AC6254EEB6B00E03BF9 /* ProductPresenter.swift */ = {isa = PBXFileReference; lastKnownFileType = sourcecode.swift; path = ProductPresenter.swift; sourceTree = "<group>"; };
		5E763AC7254EEB6B00E03BF9 /* ProductViewController.swift */ = {isa = PBXFileReference; lastKnownFileType = sourcecode.swift; path = ProductViewController.swift; sourceTree = "<group>"; };
		5E763AC8254EEB6B00E03BF9 /* ProductInteractor.swift */ = {isa = PBXFileReference; lastKnownFileType = sourcecode.swift; path = ProductInteractor.swift; sourceTree = "<group>"; };
		5E763AC9254EEB6B00E03BF9 /* ProductWireframe.swift */ = {isa = PBXFileReference; lastKnownFileType = sourcecode.swift; path = ProductWireframe.swift; sourceTree = "<group>"; };
		5E763AD3254F17E700E03BF9 /* Double+ToCurrency.swift */ = {isa = PBXFileReference; lastKnownFileType = sourcecode.swift; path = "Double+ToCurrency.swift"; sourceTree = "<group>"; };
		5EA412BC253C55B5002B5145 /* SelectedCategoryInterfaces.swift */ = {isa = PBXFileReference; lastKnownFileType = sourcecode.swift; path = SelectedCategoryInterfaces.swift; sourceTree = "<group>"; };
		5EA412BD253C55B5002B5145 /* SelectedCategoryPresenter.swift */ = {isa = PBXFileReference; lastKnownFileType = sourcecode.swift; path = SelectedCategoryPresenter.swift; sourceTree = "<group>"; };
		5EA412BE253C55B5002B5145 /* SelectedCategoryViewController.swift */ = {isa = PBXFileReference; lastKnownFileType = sourcecode.swift; path = SelectedCategoryViewController.swift; sourceTree = "<group>"; };
		5EA412BF253C55B5002B5145 /* SelectedCategoryInteractor.swift */ = {isa = PBXFileReference; lastKnownFileType = sourcecode.swift; path = SelectedCategoryInteractor.swift; sourceTree = "<group>"; };
		5EA412C0253C55B5002B5145 /* SelectedCategoryWireframe.swift */ = {isa = PBXFileReference; lastKnownFileType = sourcecode.swift; path = SelectedCategoryWireframe.swift; sourceTree = "<group>"; };
		5EA412C7253C581B002B5145 /* ProductCell.swift */ = {isa = PBXFileReference; lastKnownFileType = sourcecode.swift; path = ProductCell.swift; sourceTree = "<group>"; };
		5EA412E2253C5D82002B5145 /* ProductModel.swift */ = {isa = PBXFileReference; lastKnownFileType = sourcecode.swift; path = ProductModel.swift; sourceTree = "<group>"; };
		5EC482C9254D6B85008A0D16 /* RestClient+DressService.swift */ = {isa = PBXFileReference; lastKnownFileType = sourcecode.swift; path = "RestClient+DressService.swift"; sourceTree = "<group>"; };
		5EC482CE254D71ED008A0D16 /* CategoryResponse.swift */ = {isa = PBXFileReference; lastKnownFileType = sourcecode.swift; path = CategoryResponse.swift; sourceTree = "<group>"; };
		5EC482D1254DA86D008A0D16 /* DressResponse.swift */ = {isa = PBXFileReference; lastKnownFileType = sourcecode.swift; path = DressResponse.swift; sourceTree = "<group>"; };
		9C0B7910D5B3D654CE3114A2 /* Pods-TemplateUITests.debug.xcconfig */ = {isa = PBXFileReference; includeInIndex = 1; lastKnownFileType = text.xcconfig; name = "Pods-TemplateUITests.debug.xcconfig"; path = "Target Support Files/Pods-TemplateUITests/Pods-TemplateUITests.debug.xcconfig"; sourceTree = "<group>"; };
		AA1C71581E8FB7D1071CE22E /* Pods_TemplateUITests.framework */ = {isa = PBXFileReference; explicitFileType = wrapper.framework; includeInIndex = 0; path = Pods_TemplateUITests.framework; sourceTree = BUILT_PRODUCTS_DIR; };
		B41CAEEC061AE32803DA046C /* Pods-Webshop.release.xcconfig */ = {isa = PBXFileReference; includeInIndex = 1; lastKnownFileType = text.xcconfig; name = "Pods-Webshop.release.xcconfig"; path = "Target Support Files/Pods-Webshop/Pods-Webshop.release.xcconfig"; sourceTree = "<group>"; };
		C0E675DAD14EA9CA2DD00C57 /* Pods-TemplateTests.debug.xcconfig */ = {isa = PBXFileReference; includeInIndex = 1; lastKnownFileType = text.xcconfig; name = "Pods-TemplateTests.debug.xcconfig"; path = "Target Support Files/Pods-TemplateTests/Pods-TemplateTests.debug.xcconfig"; sourceTree = "<group>"; };
		C2EC07CB5C500FFCA9393D99 /* Pods-Template.release.xcconfig */ = {isa = PBXFileReference; includeInIndex = 1; lastKnownFileType = text.xcconfig; name = "Pods-Template.release.xcconfig"; path = "Target Support Files/Pods-Template/Pods-Template.release.xcconfig"; sourceTree = "<group>"; };
		CF491BE014B7C66B2DC87A73 /* Pods_Webshop.framework */ = {isa = PBXFileReference; explicitFileType = wrapper.framework; includeInIndex = 0; path = Pods_Webshop.framework; sourceTree = BUILT_PRODUCTS_DIR; };
		DB0D018193353762E021DB60 /* Pods-Template.debug.xcconfig */ = {isa = PBXFileReference; includeInIndex = 1; lastKnownFileType = text.xcconfig; name = "Pods-Template.debug.xcconfig"; path = "Target Support Files/Pods-Template/Pods-Template.debug.xcconfig"; sourceTree = "<group>"; };
		EDAF428ED2EC28A5D3A3B389 /* Pods-Webshop.debug.xcconfig */ = {isa = PBXFileReference; includeInIndex = 1; lastKnownFileType = text.xcconfig; name = "Pods-Webshop.debug.xcconfig"; path = "Target Support Files/Pods-Webshop/Pods-Webshop.debug.xcconfig"; sourceTree = "<group>"; };
/* End PBXFileReference section */

/* Begin PBXFrameworksBuildPhase section */
		1B0BFAF5233628850054E28A /* Frameworks */ = {
			isa = PBXFrameworksBuildPhase;
			buildActionMask = 2147483647;
			files = (
				A1E1069F856CF815DB641E3F /* Pods_Webshop.framework in Frameworks */,
			);
			runOnlyForDeploymentPostprocessing = 0;
		};
/* End PBXFrameworksBuildPhase section */

/* Begin PBXGroup section */
		1B0BFAEF233628850054E28A = {
			isa = PBXGroup;
			children = (
				1B0BFAFA233628850054E28A /* Webshop */,
				1B0BFAF9233628850054E28A /* Products */,
				F521AFB15CC9A35D5D3420D4 /* Pods */,
				BA60848800195AD7C50DED11 /* Frameworks */,
			);
			sourceTree = "<group>";
		};
		1B0BFAF9233628850054E28A /* Products */ = {
			isa = PBXGroup;
			children = (
				1B0BFAF8233628850054E28A /* Webshop.app */,
			);
			name = Products;
			sourceTree = "<group>";
		};
		1B0BFAFA233628850054E28A /* Webshop */ = {
			isa = PBXGroup;
			children = (
				1B0BFB2B2336291F0054E28A /* Application */,
				1B0BFB31233629E10054E28A /* Common */,
				1B0BFB4E23362FF90054E28A /* Modules */,
				1B0BFB2D2336294C0054E28A /* Resources */,
				1B0BFB2C2336293B0054E28A /* SupportingFiles */,
			);
			path = Webshop;
			sourceTree = "<group>";
		};
		1B0BFB2B2336291F0054E28A /* Application */ = {
			isa = PBXGroup;
			children = (
				1B0BFB2E233629630054E28A /* Initializers */,
				1B0BFAFB233628850054E28A /* AppDelegate.swift */,
				1BDD46A123AFFEAE0020AC54 /* Constants.swift */,
				5E0B428325378924003B792A /* Colors.swift */,
			);
			path = Application;
			sourceTree = "<group>";
		};
		1B0BFB2C2336293B0054E28A /* SupportingFiles */ = {
			isa = PBXGroup;
			children = (
				1B0BFB09233628870054E28A /* Info.plist */,
			);
			path = SupportingFiles;
			sourceTree = "<group>";
		};
		1B0BFB2D2336294C0054E28A /* Resources */ = {
			isa = PBXGroup;
			children = (
				5E214116253B225C000FD39C /* Fonts */,
				1B0BFB04233628870054E28A /* Assets.xcassets */,
				1B0BFB06233628870054E28A /* LaunchScreen.storyboard */,
			);
			path = Resources;
			sourceTree = "<group>";
		};
		1B0BFB2E233629630054E28A /* Initializers */ = {
			isa = PBXGroup;
			children = (
				1B0BFB2F233629890054E28A /* Initializable.swift */,
				1B0BFB4C23362F950054E28A /* LoggerInitializer.swift */,
			);
			path = Initializers;
			sourceTree = "<group>";
		};
		1B0BFB31233629E10054E28A /* Common */ = {
			isa = PBXGroup;
			children = (
				5E214112253B2208000FD39C /* Helpers */,
				1B0BFB3F23362B020054E28A /* BaseClasses */,
				1BDD469E23AFFCAE0020AC54 /* Extensions */,
				1BDD469F23AFFCB40020AC54 /* Models */,
				1B0BFB4823362EBD0054E28A /* Protocols */,
				1B0BFB5E233632830054E28A /* Services */,
				1BDD46A023AFFCBA0020AC54 /* Views */,
				1B0BFB32233629E70054E28A /* VIPER */,
			);
			path = Common;
			sourceTree = "<group>";
		};
		1B0BFB32233629E70054E28A /* VIPER */ = {
			isa = PBXGroup;
			children = (
				1B0BFB35233629FF0054E28A /* BaseWireframe.swift */,
				1B0BFB37233629FF0054E28A /* FormatterInterface.swift */,
				1B0BFB36233629FF0054E28A /* InteractorInterface.swift */,
				1B0BFB3823362A000054E28A /* PresenterInterface.swift */,
				1B0BFB34233629FF0054E28A /* UIStoryboardExtension.swift */,
				1B0BFB33233629FF0054E28A /* ViewInterface.swift */,
			);
			path = VIPER;
			sourceTree = "<group>";
		};
		1B0BFB3F23362B020054E28A /* BaseClasses */ = {
			isa = PBXGroup;
			children = (
				1B0BFB4023362B240054E28A /* BaseNavigationController.swift */,
				1B0BFB4223362B740054E28A /* BaseResponse.swift */,
				1B0BFB4423362B740054E28A /* BaseTabbarProtocolController.swift */,
				1B0BFB4323362B740054E28A /* BaseViewController.swift */,
			);
			path = BaseClasses;
			sourceTree = "<group>";
		};
		1B0BFB4823362EBD0054E28A /* Protocols */ = {
			isa = PBXGroup;
			children = (
				1B0BFB4923362ECE0054E28A /* TabbarProtocol.swift */,
			);
			path = Protocols;
			sourceTree = "<group>";
		};
		1B0BFB4E23362FF90054E28A /* Modules */ = {
			isa = PBXGroup;
			children = (
				5E763AC4254EEB5B00E03BF9 /* Product */,
				5EA412BB253C559C002B5145 /* SelectedCategory */,
				5E2140FA253B163D000FD39C /* Search */,
				5E0B425D25377A5E003B792A /* Home */,
				1B0BFB4F233630190054E28A /* Tabbar */,
			);
			path = Modules;
			sourceTree = "<group>";
		};
		1B0BFB4F233630190054E28A /* Tabbar */ = {
			isa = PBXGroup;
			children = (
				1B0BFB542336303F0054E28A /* Tabbar.storyboard */,
				1B0BFB552336303F0054E28A /* TabbarInteractor.swift */,
				1B0BFB522336303F0054E28A /* TabbarInterfaces.swift */,
				1B0BFB502336303F0054E28A /* TabbarPresenter.swift */,
				1B0BFB512336303F0054E28A /* TabbarViewController.swift */,
				1B0BFB532336303F0054E28A /* TabbarWireframe.swift */,
			);
			path = Tabbar;
			sourceTree = "<group>";
		};
		1B0BFB5E233632830054E28A /* Services */ = {
			isa = PBXGroup;
			children = (
				1B0BFB5F2336328D0054E28A /* RestClient */,
			);
			path = Services;
			sourceTree = "<group>";
		};
		1B0BFB5F2336328D0054E28A /* RestClient */ = {
			isa = PBXGroup;
			children = (
				1B0BFB62233632C60054E28A /* RestClient.swift */,
				5EC482C9254D6B85008A0D16 /* RestClient+DressService.swift */,
			);
			path = RestClient;
			sourceTree = "<group>";
		};
		1BB2479323E6EE6E00EBFD39 /* Foundation */ = {
			isa = PBXGroup;
			children = (
				1BB2479423E6EE8000EBFD39 /* DataExtensions.swift */,
				5E763AD3254F17E700E03BF9 /* Double+ToCurrency.swift */,
			);
			path = Foundation;
			sourceTree = "<group>";
		};
		1BDD469E23AFFCAE0020AC54 /* Extensions */ = {
			isa = PBXGroup;
			children = (
				5E0B4258253779DA003B792A /* UIKit */,
				1BB2479323E6EE6E00EBFD39 /* Foundation */,
			);
			path = Extensions;
			sourceTree = "<group>";
		};
		1BDD469F23AFFCB40020AC54 /* Models */ = {
			isa = PBXGroup;
			children = (
				5EC482CD254D71D6008A0D16 /* Responses */,
				1BB2479123E6ED0500EBFD39 /* APIError.swift */,
				5E214122253B2402000FD39C /* CategoryModel.swift */,
				5EA412E2253C5D82002B5145 /* ProductModel.swift */,
			);
			path = Models;
			sourceTree = "<group>";
		};
		1BDD46A023AFFCBA0020AC54 /* Views */ = {
			isa = PBXGroup;
			children = (
				5E214106253B1719000FD39C /* Cells */,
			);
			path = Views;
			sourceTree = "<group>";
		};
		5E0B4258253779DA003B792A /* UIKit */ = {
			isa = PBXGroup;
			children = (
				5E763A8D254EC2D900E03BF9 /* UIImageView */,
				5E21410B253B2046000FD39C /* UIView */,
				5E0B427E253788E7003B792A /* UIColor */,
				5E0B427D253788DD003B792A /* UIVIewController */,
			);
			path = UIKit;
			sourceTree = "<group>";
		};
		5E0B425D25377A5E003B792A /* Home */ = {
			isa = PBXGroup;
			children = (
				5E0B425F25377A70003B792A /* HomeInterfaces.swift */,
				5E0B426025377A70003B792A /* HomePresenter.swift */,
				5E0B426125377A70003B792A /* HomeViewController.swift */,
				5E0B426225377A70003B792A /* HomeInteractor.swift */,
				5E0B426325377A70003B792A /* HomeWireframe.swift */,
			);
			path = Home;
			sourceTree = "<group>";
		};
		5E0B427D253788DD003B792A /* UIVIewController */ = {
			isa = PBXGroup;
			children = (
				5E0B4259253779F0003B792A /* UIVIewController+KeyboardHide.swift */,
			);
			path = UIVIewController;
			sourceTree = "<group>";
		};
		5E0B427E253788E7003B792A /* UIColor */ = {
			isa = PBXGroup;
			children = (
				5E0B427F25378900003B792A /* UIColor+Hex.swift */,
			);
			path = UIColor;
			sourceTree = "<group>";
		};
		5E2140FA253B163D000FD39C /* Search */ = {
			isa = PBXGroup;
			children = (
				5E2140FB253B164C000FD39C /* SearchInterfaces.swift */,
				5E2140FC253B164C000FD39C /* SearchPresenter.swift */,
				5E2140FD253B164C000FD39C /* SearchViewController.swift */,
				5E2140FE253B164C000FD39C /* SearchInteractor.swift */,
				5E2140FF253B164C000FD39C /* SearchWireframe.swift */,
			);
			path = Search;
			sourceTree = "<group>";
		};
		5E214106253B1719000FD39C /* Cells */ = {
			isa = PBXGroup;
			children = (
				5E214107253B172C000FD39C /* SearchCell.swift */,
				5EA412C7253C581B002B5145 /* ProductCell.swift */,
			);
			path = Cells;
			sourceTree = "<group>";
		};
		5E21410B253B2046000FD39C /* UIView */ = {
			isa = PBXGroup;
			children = (
				5E21410C253B205E000FD39C /* UIView+Rounded.swift */,
				5E21410F253B2187000FD39C /* UIView+Shadow.swift */,
			);
			path = UIView;
			sourceTree = "<group>";
		};
		5E214112253B2208000FD39C /* Helpers */ = {
			isa = PBXGroup;
			children = (
				5E214113253B2233000FD39C /* FontDelivery.swift */,
			);
			path = Helpers;
			sourceTree = "<group>";
		};
		5E214116253B225C000FD39C /* Fonts */ = {
			isa = PBXGroup;
			children = (
				5E214117253B225C000FD39C /* Roboto-Medium.ttf */,
				5E214118253B225C000FD39C /* Roboto-Regular.ttf */,
				5E214119253B225C000FD39C /* Roboto-Italic.ttf */,
				5E21411A253B225C000FD39C /* Roboto-Bold.ttf */,
				5E21411B253B225C000FD39C /* Roboto-Black.ttf */,
			);
			path = Fonts;
			sourceTree = "<group>";
		};
		5E763A8D254EC2D900E03BF9 /* UIImageView */ = {
			isa = PBXGroup;
			children = (
				5E763A8E254EC2EC00E03BF9 /* UIImageView+Download.swift */,
			);
			path = UIImageView;
			sourceTree = "<group>";
		};
		5E763AC4254EEB5B00E03BF9 /* Product */ = {
			isa = PBXGroup;
			children = (
				5E763AC5254EEB6B00E03BF9 /* ProductInterfaces.swift */,
				5E763AC6254EEB6B00E03BF9 /* ProductPresenter.swift */,
				5E763AC7254EEB6B00E03BF9 /* ProductViewController.swift */,
				5E763AC8254EEB6B00E03BF9 /* ProductInteractor.swift */,
				5E763AC9254EEB6B00E03BF9 /* ProductWireframe.swift */,
			);
			path = Product;
			sourceTree = "<group>";
		};
		5EA412BB253C559C002B5145 /* SelectedCategory */ = {
			isa = PBXGroup;
			children = (
				5EA412BC253C55B5002B5145 /* SelectedCategoryInterfaces.swift */,
				5EA412BD253C55B5002B5145 /* SelectedCategoryPresenter.swift */,
				5EA412BE253C55B5002B5145 /* SelectedCategoryViewController.swift */,
				5EA412BF253C55B5002B5145 /* SelectedCategoryInteractor.swift */,
				5EA412C0253C55B5002B5145 /* SelectedCategoryWireframe.swift */,
			);
			path = SelectedCategory;
			sourceTree = "<group>";
		};
		5EC482CD254D71D6008A0D16 /* Responses */ = {
			isa = PBXGroup;
			children = (
				5EC482CE254D71ED008A0D16 /* CategoryResponse.swift */,
				5EC482D1254DA86D008A0D16 /* DressResponse.swift */,
			);
			path = Responses;
			sourceTree = "<group>";
		};
		BA60848800195AD7C50DED11 /* Frameworks */ = {
			isa = PBXGroup;
			children = (
				20BC19AFC57ED15C2391D931 /* Pods_TemplateTests.framework */,
				AA1C71581E8FB7D1071CE22E /* Pods_TemplateUITests.framework */,
				CF491BE014B7C66B2DC87A73 /* Pods_Webshop.framework */,
			);
			name = Frameworks;
			sourceTree = "<group>";
		};
		F521AFB15CC9A35D5D3420D4 /* Pods */ = {
			isa = PBXGroup;
			children = (
				DB0D018193353762E021DB60 /* Pods-Template.debug.xcconfig */,
				C2EC07CB5C500FFCA9393D99 /* Pods-Template.release.xcconfig */,
				C0E675DAD14EA9CA2DD00C57 /* Pods-TemplateTests.debug.xcconfig */,
				4EF7DC8171F9897A5B5FA456 /* Pods-TemplateTests.release.xcconfig */,
				9C0B7910D5B3D654CE3114A2 /* Pods-TemplateUITests.debug.xcconfig */,
				289B179FEFFC70B4A0A408EA /* Pods-TemplateUITests.release.xcconfig */,
				EDAF428ED2EC28A5D3A3B389 /* Pods-Webshop.debug.xcconfig */,
				B41CAEEC061AE32803DA046C /* Pods-Webshop.release.xcconfig */,
			);
			path = Pods;
			sourceTree = "<group>";
		};
/* End PBXGroup section */

/* Begin PBXNativeTarget section */
		1B0BFAF7233628850054E28A /* Webshop */ = {
			isa = PBXNativeTarget;
			buildConfigurationList = 1B0BFB22233628870054E28A /* Build configuration list for PBXNativeTarget "Webshop" */;
			buildPhases = (
				BCA349AAC1428951897DBACD /* [CP] Check Pods Manifest.lock */,
				1B0BFAF4233628850054E28A /* Sources */,
				1B0BFAF5233628850054E28A /* Frameworks */,
				1B0BFAF6233628850054E28A /* Resources */,
				CB1FF7C54FC6EB1F31DF8EAD /* [CP] Embed Pods Frameworks */,
				1B0BFB4B23362EF10054E28A /* ShellScript */,
			);
			buildRules = (
			);
			dependencies = (
			);
			name = Webshop;
			productName = Template;
			productReference = 1B0BFAF8233628850054E28A /* Webshop.app */;
			productType = "com.apple.product-type.application";
		};
/* End PBXNativeTarget section */

/* Begin PBXProject section */
		1B0BFAF0233628850054E28A /* Project object */ = {
			isa = PBXProject;
			attributes = {
				LastSwiftUpdateCheck = 1100;
				LastUpgradeCheck = 1200;
				ORGANIZATIONNAME = gesben;
				TargetAttributes = {
					1B0BFAF7233628850054E28A = {
						CreatedOnToolsVersion = 11.0;
					};
				};
			};
			buildConfigurationList = 1B0BFAF3233628850054E28A /* Build configuration list for PBXProject "Webshop" */;
			compatibilityVersion = "Xcode 9.3";
			developmentRegion = en;
			hasScannedForEncodings = 0;
			knownRegions = (
				en,
				Base,
			);
			mainGroup = 1B0BFAEF233628850054E28A;
			productRefGroup = 1B0BFAF9233628850054E28A /* Products */;
			projectDirPath = "";
			projectRoot = "";
			targets = (
				1B0BFAF7233628850054E28A /* Webshop */,
			);
		};
/* End PBXProject section */

/* Begin PBXResourcesBuildPhase section */
		1B0BFAF6233628850054E28A /* Resources */ = {
			isa = PBXResourcesBuildPhase;
			buildActionMask = 2147483647;
			files = (
				5E21411F253B225C000FD39C /* Roboto-Bold.ttf in Resources */,
				5E21411C253B225C000FD39C /* Roboto-Medium.ttf in Resources */,
				5E21411E253B225C000FD39C /* Roboto-Italic.ttf in Resources */,
				5E214120253B225C000FD39C /* Roboto-Black.ttf in Resources */,
				1B0BFB5A2336303F0054E28A /* Tabbar.storyboard in Resources */,
				5E21411D253B225C000FD39C /* Roboto-Regular.ttf in Resources */,
				1B0BFB08233628870054E28A /* LaunchScreen.storyboard in Resources */,
				1B0BFB05233628870054E28A /* Assets.xcassets in Resources */,
			);
			runOnlyForDeploymentPostprocessing = 0;
		};
/* End PBXResourcesBuildPhase section */

/* Begin PBXShellScriptBuildPhase section */
		1B0BFB4B23362EF10054E28A /* ShellScript */ = {
			isa = PBXShellScriptBuildPhase;
			buildActionMask = 2147483647;
			files = (
			);
			inputFileListPaths = (
			);
			inputPaths = (
			);
			outputFileListPaths = (
			);
			outputPaths = (
			);
			runOnlyForDeploymentPostprocessing = 0;
			shellPath = /bin/sh;
			shellScript = "# SwiftLint\n${PODS_ROOT}/SwiftLint/swiftlint\n";
		};
		BCA349AAC1428951897DBACD /* [CP] Check Pods Manifest.lock */ = {
			isa = PBXShellScriptBuildPhase;
			buildActionMask = 2147483647;
			files = (
			);
			inputFileListPaths = (
			);
			inputPaths = (
				"${PODS_PODFILE_DIR_PATH}/Podfile.lock",
				"${PODS_ROOT}/Manifest.lock",
			);
			name = "[CP] Check Pods Manifest.lock";
			outputFileListPaths = (
			);
			outputPaths = (
				"$(DERIVED_FILE_DIR)/Pods-Webshop-checkManifestLockResult.txt",
			);
			runOnlyForDeploymentPostprocessing = 0;
			shellPath = /bin/sh;
			shellScript = "diff \"${PODS_PODFILE_DIR_PATH}/Podfile.lock\" \"${PODS_ROOT}/Manifest.lock\" > /dev/null\nif [ $? != 0 ] ; then\n    # print error to STDERR\n    echo \"error: The sandbox is not in sync with the Podfile.lock. Run 'pod install' or update your CocoaPods installation.\" >&2\n    exit 1\nfi\n# This output is used by Xcode 'outputs' to avoid re-running this script phase.\necho \"SUCCESS\" > \"${SCRIPT_OUTPUT_FILE_0}\"\n";
			showEnvVarsInLog = 0;
		};
		CB1FF7C54FC6EB1F31DF8EAD /* [CP] Embed Pods Frameworks */ = {
			isa = PBXShellScriptBuildPhase;
			buildActionMask = 2147483647;
			files = (
			);
			inputFileListPaths = (
				"${PODS_ROOT}/Target Support Files/Pods-Webshop/Pods-Webshop-frameworks-${CONFIGURATION}-input-files.xcfilelist",
			);
			name = "[CP] Embed Pods Frameworks";
			outputFileListPaths = (
				"${PODS_ROOT}/Target Support Files/Pods-Webshop/Pods-Webshop-frameworks-${CONFIGURATION}-output-files.xcfilelist",
			);
			runOnlyForDeploymentPostprocessing = 0;
			shellPath = /bin/sh;
			shellScript = "\"${PODS_ROOT}/Target Support Files/Pods-Webshop/Pods-Webshop-frameworks.sh\"\n";
			showEnvVarsInLog = 0;
		};
/* End PBXShellScriptBuildPhase section */

/* Begin PBXSourcesBuildPhase section */
		1B0BFAF4233628850054E28A /* Sources */ = {
			isa = PBXSourcesBuildPhase;
			buildActionMask = 2147483647;
			files = (
				1B0BFB572336303F0054E28A /* TabbarViewController.swift in Sources */,
				1BDD46A223AFFEAE0020AC54 /* Constants.swift in Sources */,
				1B0BFB3D23362A000054E28A /* FormatterInterface.swift in Sources */,
				5E763ACC254EEB6B00E03BF9 /* ProductViewController.swift in Sources */,
				5EA412C5253C55B5002B5145 /* SelectedCategoryWireframe.swift in Sources */,
				1B0BFAFC233628850054E28A /* AppDelegate.swift in Sources */,
				1B0BFB562336303F0054E28A /* TabbarPresenter.swift in Sources */,
				5E0B428425378924003B792A /* Colors.swift in Sources */,
				1B0BFB4623362B740054E28A /* BaseViewController.swift in Sources */,
				1BB2479523E6EE8000EBFD39 /* DataExtensions.swift in Sources */,
				5E214108253B172C000FD39C /* SearchCell.swift in Sources */,
				5E214104253B164C000FD39C /* SearchWireframe.swift in Sources */,
				1B0BFB30233629890054E28A /* Initializable.swift in Sources */,
				1B0BFB4D23362F950054E28A /* LoggerInitializer.swift in Sources */,
				5E0B428025378900003B792A /* UIColor+Hex.swift in Sources */,
				5E763AD4254F17E700E03BF9 /* Double+ToCurrency.swift in Sources */,
				5EC482CF254D71ED008A0D16 /* CategoryResponse.swift in Sources */,
				5E214101253B164C000FD39C /* SearchPresenter.swift in Sources */,
				5E214100253B164C000FD39C /* SearchInterfaces.swift in Sources */,
				5E0B426525377A70003B792A /* HomePresenter.swift in Sources */,
				5E214114253B2233000FD39C /* FontDelivery.swift in Sources */,
				5EA412C8253C581B002B5145 /* ProductCell.swift in Sources */,
				5EA412C3253C55B5002B5145 /* SelectedCategoryViewController.swift in Sources */,
				5EA412C2253C55B5002B5145 /* SelectedCategoryPresenter.swift in Sources */,
				5E0B425A253779F0003B792A /* UIVIewController+KeyboardHide.swift in Sources */,
				5EA412C4253C55B5002B5145 /* SelectedCategoryInteractor.swift in Sources */,
				5E763A8F254EC2EC00E03BF9 /* UIImageView+Download.swift in Sources */,
				5E763ACA254EEB6B00E03BF9 /* ProductInterfaces.swift in Sources */,
				5E214123253B2402000FD39C /* CategoryModel.swift in Sources */,
				1B0BFB582336303F0054E28A /* TabbarInterfaces.swift in Sources */,
				5E0B426825377A70003B792A /* HomeWireframe.swift in Sources */,
				1B0BFB3C23362A000054E28A /* InteractorInterface.swift in Sources */,
				1B0BFB3A23362A000054E28A /* UIStoryboardExtension.swift in Sources */,
				5E0B426625377A70003B792A /* HomeViewController.swift in Sources */,
				5E763ACE254EEB6B00E03BF9 /* ProductWireframe.swift in Sources */,
				5E763ACB254EEB6B00E03BF9 /* ProductPresenter.swift in Sources */,
				5E214102253B164C000FD39C /* SearchViewController.swift in Sources */,
				1B0BFB4723362B740054E28A /* BaseTabbarProtocolController.swift in Sources */,
				5EA412E3253C5D82002B5145 /* ProductModel.swift in Sources */,
				5E21410D253B205E000FD39C /* UIView+Rounded.swift in Sources */,
				5E763ACD254EEB6B00E03BF9 /* ProductInteractor.swift in Sources */,
				5EC482D2254DA86D008A0D16 /* DressResponse.swift in Sources */,
				1B0BFB4A23362ECE0054E28A /* TabbarProtocol.swift in Sources */,
				5EC482CA254D6B85008A0D16 /* RestClient+DressService.swift in Sources */,
				1B0BFB592336303F0054E28A /* TabbarWireframe.swift in Sources */,
				1B0BFB4523362B740054E28A /* BaseResponse.swift in Sources */,
				5E214110253B2187000FD39C /* UIView+Shadow.swift in Sources */,
				1B0BFB5B2336303F0054E28A /* TabbarInteractor.swift in Sources */,
				1B0BFB4123362B240054E28A /* BaseNavigationController.swift in Sources */,
				1B0BFB3B23362A000054E28A /* BaseWireframe.swift in Sources */,
				1B0BFB3923362A000054E28A /* ViewInterface.swift in Sources */,
				5E0B426425377A70003B792A /* HomeInterfaces.swift in Sources */,
				1B0BFB63233632C60054E28A /* RestClient.swift in Sources */,
				1B0BFB3E23362A000054E28A /* PresenterInterface.swift in Sources */,
				1BB2479223E6ED0500EBFD39 /* APIError.swift in Sources */,
				5E0B426725377A70003B792A /* HomeInteractor.swift in Sources */,
				5EA412C1253C55B5002B5145 /* SelectedCategoryInterfaces.swift in Sources */,
				5E214103253B164C000FD39C /* SearchInteractor.swift in Sources */,
			);
			runOnlyForDeploymentPostprocessing = 0;
		};
/* End PBXSourcesBuildPhase section */

/* Begin PBXVariantGroup section */
		1B0BFB06233628870054E28A /* LaunchScreen.storyboard */ = {
			isa = PBXVariantGroup;
			children = (
				1B0BFB07233628870054E28A /* Base */,
			);
			name = LaunchScreen.storyboard;
			sourceTree = "<group>";
		};
/* End PBXVariantGroup section */

/* Begin XCBuildConfiguration section */
		1B0BFB20233628870054E28A /* Debug */ = {
			isa = XCBuildConfiguration;
			buildSettings = {
				ALWAYS_SEARCH_USER_PATHS = NO;
				CLANG_ANALYZER_NONNULL = YES;
				CLANG_ANALYZER_NUMBER_OBJECT_CONVERSION = YES_AGGRESSIVE;
				CLANG_CXX_LANGUAGE_STANDARD = "gnu++14";
				CLANG_CXX_LIBRARY = "libc++";
				CLANG_ENABLE_MODULES = YES;
				CLANG_ENABLE_OBJC_ARC = YES;
				CLANG_ENABLE_OBJC_WEAK = YES;
				CLANG_WARN_BLOCK_CAPTURE_AUTORELEASING = YES;
				CLANG_WARN_BOOL_CONVERSION = YES;
				CLANG_WARN_COMMA = YES;
				CLANG_WARN_CONSTANT_CONVERSION = YES;
				CLANG_WARN_DEPRECATED_OBJC_IMPLEMENTATIONS = YES;
				CLANG_WARN_DIRECT_OBJC_ISA_USAGE = YES_ERROR;
				CLANG_WARN_DOCUMENTATION_COMMENTS = YES;
				CLANG_WARN_EMPTY_BODY = YES;
				CLANG_WARN_ENUM_CONVERSION = YES;
				CLANG_WARN_INFINITE_RECURSION = YES;
				CLANG_WARN_INT_CONVERSION = YES;
				CLANG_WARN_NON_LITERAL_NULL_CONVERSION = YES;
				CLANG_WARN_OBJC_IMPLICIT_RETAIN_SELF = YES;
				CLANG_WARN_OBJC_LITERAL_CONVERSION = YES;
				CLANG_WARN_OBJC_ROOT_CLASS = YES_ERROR;
				CLANG_WARN_QUOTED_INCLUDE_IN_FRAMEWORK_HEADER = YES;
				CLANG_WARN_RANGE_LOOP_ANALYSIS = YES;
				CLANG_WARN_STRICT_PROTOTYPES = YES;
				CLANG_WARN_SUSPICIOUS_MOVE = YES;
				CLANG_WARN_UNGUARDED_AVAILABILITY = YES_AGGRESSIVE;
				CLANG_WARN_UNREACHABLE_CODE = YES;
				CLANG_WARN__DUPLICATE_METHOD_MATCH = YES;
				COPY_PHASE_STRIP = NO;
				DEBUG_INFORMATION_FORMAT = dwarf;
				ENABLE_STRICT_OBJC_MSGSEND = YES;
				ENABLE_TESTABILITY = YES;
				GCC_C_LANGUAGE_STANDARD = gnu11;
				GCC_DYNAMIC_NO_PIC = NO;
				GCC_NO_COMMON_BLOCKS = YES;
				GCC_OPTIMIZATION_LEVEL = 0;
				GCC_PREPROCESSOR_DEFINITIONS = (
					"DEBUG=1",
					"$(inherited)",
				);
				GCC_WARN_64_TO_32_BIT_CONVERSION = YES;
				GCC_WARN_ABOUT_RETURN_TYPE = YES_ERROR;
				GCC_WARN_UNDECLARED_SELECTOR = YES;
				GCC_WARN_UNINITIALIZED_AUTOS = YES_AGGRESSIVE;
				GCC_WARN_UNUSED_FUNCTION = YES;
				GCC_WARN_UNUSED_VARIABLE = YES;
				IPHONEOS_DEPLOYMENT_TARGET = 12.4;
				MTL_ENABLE_DEBUG_INFO = INCLUDE_SOURCE;
				MTL_FAST_MATH = YES;
				ONLY_ACTIVE_ARCH = YES;
				SDKROOT = iphoneos;
				SWIFT_ACTIVE_COMPILATION_CONDITIONS = DEBUG;
				SWIFT_OPTIMIZATION_LEVEL = "-Onone";
			};
			name = Debug;
		};
		1B0BFB21233628870054E28A /* Release */ = {
			isa = XCBuildConfiguration;
			buildSettings = {
				ALWAYS_SEARCH_USER_PATHS = NO;
				CLANG_ANALYZER_NONNULL = YES;
				CLANG_ANALYZER_NUMBER_OBJECT_CONVERSION = YES_AGGRESSIVE;
				CLANG_CXX_LANGUAGE_STANDARD = "gnu++14";
				CLANG_CXX_LIBRARY = "libc++";
				CLANG_ENABLE_MODULES = YES;
				CLANG_ENABLE_OBJC_ARC = YES;
				CLANG_ENABLE_OBJC_WEAK = YES;
				CLANG_WARN_BLOCK_CAPTURE_AUTORELEASING = YES;
				CLANG_WARN_BOOL_CONVERSION = YES;
				CLANG_WARN_COMMA = YES;
				CLANG_WARN_CONSTANT_CONVERSION = YES;
				CLANG_WARN_DEPRECATED_OBJC_IMPLEMENTATIONS = YES;
				CLANG_WARN_DIRECT_OBJC_ISA_USAGE = YES_ERROR;
				CLANG_WARN_DOCUMENTATION_COMMENTS = YES;
				CLANG_WARN_EMPTY_BODY = YES;
				CLANG_WARN_ENUM_CONVERSION = YES;
				CLANG_WARN_INFINITE_RECURSION = YES;
				CLANG_WARN_INT_CONVERSION = YES;
				CLANG_WARN_NON_LITERAL_NULL_CONVERSION = YES;
				CLANG_WARN_OBJC_IMPLICIT_RETAIN_SELF = YES;
				CLANG_WARN_OBJC_LITERAL_CONVERSION = YES;
				CLANG_WARN_OBJC_ROOT_CLASS = YES_ERROR;
				CLANG_WARN_QUOTED_INCLUDE_IN_FRAMEWORK_HEADER = YES;
				CLANG_WARN_RANGE_LOOP_ANALYSIS = YES;
				CLANG_WARN_STRICT_PROTOTYPES = YES;
				CLANG_WARN_SUSPICIOUS_MOVE = YES;
				CLANG_WARN_UNGUARDED_AVAILABILITY = YES_AGGRESSIVE;
				CLANG_WARN_UNREACHABLE_CODE = YES;
				CLANG_WARN__DUPLICATE_METHOD_MATCH = YES;
				COPY_PHASE_STRIP = NO;
				DEBUG_INFORMATION_FORMAT = "dwarf-with-dsym";
				ENABLE_NS_ASSERTIONS = NO;
				ENABLE_STRICT_OBJC_MSGSEND = YES;
				GCC_C_LANGUAGE_STANDARD = gnu11;
				GCC_NO_COMMON_BLOCKS = YES;
				GCC_WARN_64_TO_32_BIT_CONVERSION = YES;
				GCC_WARN_ABOUT_RETURN_TYPE = YES_ERROR;
				GCC_WARN_UNDECLARED_SELECTOR = YES;
				GCC_WARN_UNINITIALIZED_AUTOS = YES_AGGRESSIVE;
				GCC_WARN_UNUSED_FUNCTION = YES;
				GCC_WARN_UNUSED_VARIABLE = YES;
				IPHONEOS_DEPLOYMENT_TARGET = 12.4;
				MTL_ENABLE_DEBUG_INFO = NO;
				MTL_FAST_MATH = YES;
				SDKROOT = iphoneos;
				SWIFT_COMPILATION_MODE = wholemodule;
				SWIFT_OPTIMIZATION_LEVEL = "-O";
				VALIDATE_PRODUCT = YES;
			};
			name = Release;
		};
		1B0BFB23233628870054E28A /* Debug */ = {
			isa = XCBuildConfiguration;
			baseConfigurationReference = EDAF428ED2EC28A5D3A3B389 /* Pods-Webshop.debug.xcconfig */;
			buildSettings = {
				ASSETCATALOG_COMPILER_APPICON_NAME = AppIcon;
				CODE_SIGN_STYLE = Automatic;
				DEVELOPMENT_TEAM = H2JGWGKUJ7;
				INFOPLIST_FILE = Webshop/SupportingFiles/Info.plist;
				IPHONEOS_DEPLOYMENT_TARGET = 12.4;
				LD_RUNPATH_SEARCH_PATHS = (
					"$(inherited)",
					"@executable_path/Frameworks",
				);
				PRODUCT_BUNDLE_IDENTIFIER = com.gesben.Webshop;
				PRODUCT_NAME = "$(TARGET_NAME)";
				SWIFT_VERSION = 5.0;
				TARGETED_DEVICE_FAMILY = "1,2";
			};
			name = Debug;
		};
		1B0BFB24233628870054E28A /* Release */ = {
			isa = XCBuildConfiguration;
			baseConfigurationReference = B41CAEEC061AE32803DA046C /* Pods-Webshop.release.xcconfig */;
			buildSettings = {
				ASSETCATALOG_COMPILER_APPICON_NAME = AppIcon;
				CODE_SIGN_STYLE = Automatic;
				DEVELOPMENT_TEAM = H2JGWGKUJ7;
				INFOPLIST_FILE = Webshop/SupportingFiles/Info.plist;
				IPHONEOS_DEPLOYMENT_TARGET = 12.4;
				LD_RUNPATH_SEARCH_PATHS = (
					"$(inherited)",
					"@executable_path/Frameworks",
				);
				PRODUCT_BUNDLE_IDENTIFIER = com.gesben.Webshop;
				PRODUCT_NAME = "$(TARGET_NAME)";
				SWIFT_VERSION = 5.0;
				TARGETED_DEVICE_FAMILY = "1,2";
			};
			name = Release;
		};
/* End XCBuildConfiguration section */

/* Begin XCConfigurationList section */
		1B0BFAF3233628850054E28A /* Build configuration list for PBXProject "Webshop" */ = {
			isa = XCConfigurationList;
			buildConfigurations = (
				1B0BFB20233628870054E28A /* Debug */,
				1B0BFB21233628870054E28A /* Release */,
			);
			defaultConfigurationIsVisible = 0;
			defaultConfigurationName = Release;
		};
		1B0BFB22233628870054E28A /* Build configuration list for PBXNativeTarget "Webshop" */ = {
			isa = XCConfigurationList;
			buildConfigurations = (
				1B0BFB23233628870054E28A /* Debug */,
				1B0BFB24233628870054E28A /* Release */,
			);
			defaultConfigurationIsVisible = 0;
			defaultConfigurationName = Release;
		};
/* End XCConfigurationList section */
	};
	rootObject = 1B0BFAF0233628850054E28A /* Project object */;
}
